
Microsoft Visual Studio Solution File, Format Version 12.00
# Visual Studio 15
VisualStudioVersion = 15.0.27703.2035
MinimumVisualStudioVersion = 10.0.40219.1
Project("{FAE04EC0-301F-11D3-BF4B-00C04F79EFBC}") = "tx_formfield_editor", "tx_formfield_editor.csproj", "{6A280AC4-FD4D-44E1-A37B-B70EA802338B}"
EndProject
Global
	GlobalSection(SolutionConfigurationPlatforms) = preSolution
		Debug|Any CPU = Debug|Any CPU
		Release|Any CPU = Release|Any CPU
	EndGlobalSection
	GlobalSection(ProjectConfigurationPlatforms) = postSolution
		{6A280AC4-FD4D-44E1-A37B-B70EA802338B}.Debug|Any CPU.ActiveCfg = Debug|Any CPU
		{6A280AC4-FD4D-44E1-A37B-B70EA802338B}.Debug|Any CPU.Build.0 = Debug|Any CPU
		{6A280AC4-FD4D-44E1-A37B-B70EA802338B}.Release|Any CPU.ActiveCfg = Release|Any CPU
		{6A280AC4-FD4D-44E1-A37B-B70EA802338B}.Release|Any CPU.Build.0 = Release|Any CPU
	EndGlobalSection
	GlobalSection(SolutionProperties) = preSolution
		HideSolutionNode = FALSE
	EndGlobalSection
	GlobalSection(ExtensibilityGlobals) = postSolution
		SolutionGuid = {0BEB2D49-C3F2-47B2-8046-EED15CEC97C1}
	EndGlobalSection
EndGlobal
